
Microsoft Visual Studio Solution File, Format Version 12.00
# Visual Studio Version 16
VisualStudioVersion = 16.0.31205.134
MinimumVisualStudioVersion = 10.0.40219.1
Project("{9A19103F-16F7-4668-BE54-9A1E7A4F7556}") = "HomeFinances.ViewModel", "HomeFinances.ViewModel\HomeFinances.ViewModel.csproj", "{CC40B1F6-F80C-4D7D-B744-8AAA8C856E40}"
EndProject
Project("{9A19103F-16F7-4668-BE54-9A1E7A4F7556}") = "HomeFinances.Model", "HomeFinances.Model\HomeFinances.Model.csproj", "{A6C6BC2F-E403-4F6E-A9E9-7639587EC6E7}"
EndProject
Project("{9A19103F-16F7-4668-BE54-9A1E7A4F7556}") = "HomeFinances.Model.Tests", "HomeFinances.Model.Tests\HomeFinances.Model.Tests.csproj", "{5C9D85BC-C3C9-4625-8E52-2D4E2222954F}"
EndProject
Project("{9A19103F-16F7-4668-BE54-9A1E7A4F7556}") = "HomeFinances.ViewModel.Tests", "HomeFinances.ViewModel.Tests\HomeFinances.ViewModel.Tests.csproj", "{F5FEF2D8-F83B-4FAB-A9CB-4FAF8CD3B455}"
EndProject
Project("{FAE04EC0-301F-11D3-BF4B-00C04F79EFBC}") = "HomeFinances.XamarinForms.Android", "HomeFinances.XamarinForms\HomeFinances.XamarinForms.Android\HomeFinances.XamarinForms.Android.csproj", "{F2AAB76B-40C3-4E2B-A248-80CA8D27394F}"
EndProject
Project("{9A19103F-16F7-4668-BE54-9A1E7A4F7556}") = "HomeFinances.XamarinForms", "HomeFinances.XamarinForms\HomeFinances.XamarinForms\HomeFinances.XamarinForms.csproj", "{A67F4572-1C62-4792-9FD8-4713914382FC}"
EndProject
Global
	GlobalSection(SolutionConfigurationPlatforms) = preSolution
		Debug|Any CPU = Debug|Any CPU
		Release|Any CPU = Release|Any CPU
	EndGlobalSection
	GlobalSection(ProjectConfigurationPlatforms) = postSolution
		{CC40B1F6-F80C-4D7D-B744-8AAA8C856E40}.Debug|Any CPU.ActiveCfg = Debug|Any CPU
		{CC40B1F6-F80C-4D7D-B744-8AAA8C856E40}.Debug|Any CPU.Build.0 = Debug|Any CPU
		{CC40B1F6-F80C-4D7D-B744-8AAA8C856E40}.Release|Any CPU.ActiveCfg = Release|Any CPU
		{CC40B1F6-F80C-4D7D-B744-8AAA8C856E40}.Release|Any CPU.Build.0 = Release|Any CPU
		{A6C6BC2F-E403-4F6E-A9E9-7639587EC6E7}.Debug|Any CPU.ActiveCfg = Debug|Any CPU
		{A6C6BC2F-E403-4F6E-A9E9-7639587EC6E7}.Debug|Any CPU.Build.0 = Debug|Any CPU
		{A6C6BC2F-E403-4F6E-A9E9-7639587EC6E7}.Release|Any CPU.ActiveCfg = Release|Any CPU
		{A6C6BC2F-E403-4F6E-A9E9-7639587EC6E7}.Release|Any CPU.Build.0 = Release|Any CPU
		{5C9D85BC-C3C9-4625-8E52-2D4E2222954F}.Debug|Any CPU.ActiveCfg = Debug|Any CPU
		{5C9D85BC-C3C9-4625-8E52-2D4E2222954F}.Debug|Any CPU.Build.0 = Debug|Any CPU
		{5C9D85BC-C3C9-4625-8E52-2D4E2222954F}.Release|Any CPU.ActiveCfg = Release|Any CPU
		{5C9D85BC-C3C9-4625-8E52-2D4E2222954F}.Release|Any CPU.Build.0 = Release|Any CPU
		{F5FEF2D8-F83B-4FAB-A9CB-4FAF8CD3B455}.Debug|Any CPU.ActiveCfg = Debug|Any CPU
		{F5FEF2D8-F83B-4FAB-A9CB-4FAF8CD3B455}.Debug|Any CPU.Build.0 = Debug|Any CPU
		{F5FEF2D8-F83B-4FAB-A9CB-4FAF8CD3B455}.Release|Any CPU.ActiveCfg = Release|Any CPU
		{F5FEF2D8-F83B-4FAB-A9CB-4FAF8CD3B455}.Release|Any CPU.Build.0 = Release|Any CPU
		{F2AAB76B-40C3-4E2B-A248-80CA8D27394F}.Debug|Any CPU.ActiveCfg = Debug|Any CPU
		{F2AAB76B-40C3-4E2B-A248-80CA8D27394F}.Debug|Any CPU.Build.0 = Debug|Any CPU
		{F2AAB76B-40C3-4E2B-A248-80CA8D27394F}.Debug|Any CPU.Deploy.0 = Debug|Any CPU
		{F2AAB76B-40C3-4E2B-A248-80CA8D27394F}.Release|Any CPU.ActiveCfg = Release|Any CPU
		{F2AAB76B-40C3-4E2B-A248-80CA8D27394F}.Release|Any CPU.Build.0 = Release|Any CPU
		{F2AAB76B-40C3-4E2B-A248-80CA8D27394F}.Release|Any CPU.Deploy.0 = Release|Any CPU
		{A67F4572-1C62-4792-9FD8-4713914382FC}.Debug|Any CPU.ActiveCfg = Debug|Any CPU
		{A67F4572-1C62-4792-9FD8-4713914382FC}.Debug|Any CPU.Build.0 = Debug|Any CPU
		{A67F4572-1C62-4792-9FD8-4713914382FC}.Release|Any CPU.ActiveCfg = Release|Any CPU
		{A67F4572-1C62-4792-9FD8-4713914382FC}.Release|Any CPU.Build.0 = Release|Any CPU
	EndGlobalSection
	GlobalSection(SolutionProperties) = preSolution
		HideSolutionNode = FALSE
	EndGlobalSection
	GlobalSection(ExtensibilityGlobals) = postSolution
		SolutionGuid = {FDD1BE83-AFC0-4448-AB6B-E51CC7679D59}
	EndGlobalSection
EndGlobal
